
Microsoft Visual Studio Solution File, Format Version 12.00
# Visual Studio Version 17
VisualStudioVersion = 17.2.32616.157
MinimumVisualStudioVersion = 10.0.40219.1
Project("{8BC9CEB8-8B4A-11D0-8D11-00A0C91BC942}") = "FlappyBird", "FlappyBird\FlappyBird.vcxproj", "{23B71ED1-1BF3-43EF-B3B4-2AA49ED8AD22}"
EndProject
Project("{8BC9CEB8-8B4A-11D0-8D11-00A0C91BC942}") = "Asteroids", "Asteroids\Asteroids.vcxproj", "{4DB8FC7E-2B10-4C77-9D96-701926AF86E4}"
EndProject
Project("{8BC9CEB8-8B4A-11D0-8D11-00A0C91BC942}") = "Pathfinding", "Pathfinding\Pathfinding.vcxproj", "{3BE6A2D7-6BBF-4BEE-8180-C8D25929F1F4}"
EndProject
Project("{8BC9CEB8-8B4A-11D0-8D11-00A0C91BC942}") = "Pathfinding2", "Pathfinding2\Pathfinding2.vcxproj", "{8A09B9C4-B06E-41E4-82A1-A80B97CB347E}"
EndProject
Global
	GlobalSection(SolutionConfigurationPlatforms) = preSolution
		Debug|x64 = Debug|x64
		Debug|x86 = Debug|x86
		Release|x64 = Release|x64
		Release|x86 = Release|x86
	EndGlobalSection
	GlobalSection(ProjectConfigurationPlatforms) = postSolution
		{23B71ED1-1BF3-43EF-B3B4-2AA49ED8AD22}.Debug|x64.ActiveCfg = Debug|x64
		{23B71ED1-1BF3-43EF-B3B4-2AA49ED8AD22}.Debug|x64.Build.0 = Debug|x64
		{23B71ED1-1BF3-43EF-B3B4-2AA49ED8AD22}.Debug|x86.ActiveCfg = Debug|Win32
		{23B71ED1-1BF3-43EF-B3B4-2AA49ED8AD22}.Debug|x86.Build.0 = Debug|Win32
		{23B71ED1-1BF3-43EF-B3B4-2AA49ED8AD22}.Release|x64.ActiveCfg = Release|x64
		{23B71ED1-1BF3-43EF-B3B4-2AA49ED8AD22}.Release|x64.Build.0 = Release|x64
		{23B71ED1-1BF3-43EF-B3B4-2AA49ED8AD22}.Release|x86.ActiveCfg = Release|Win32
		{23B71ED1-1BF3-43EF-B3B4-2AA49ED8AD22}.Release|x86.Build.0 = Release|Win32
		{4DB8FC7E-2B10-4C77-9D96-701926AF86E4}.Debug|x64.ActiveCfg = Debug|x64
		{4DB8FC7E-2B10-4C77-9D96-701926AF86E4}.Debug|x64.Build.0 = Debug|x64
		{4DB8FC7E-2B10-4C77-9D96-701926AF86E4}.Debug|x86.ActiveCfg = Debug|Win32
		{4DB8FC7E-2B10-4C77-9D96-701926AF86E4}.Debug|x86.Build.0 = Debug|Win32
		{4DB8FC7E-2B10-4C77-9D96-701926AF86E4}.Release|x64.ActiveCfg = Release|x64
		{4DB8FC7E-2B10-4C77-9D96-701926AF86E4}.Release|x64.Build.0 = Release|x64
		{4DB8FC7E-2B10-4C77-9D96-701926AF86E4}.Release|x86.ActiveCfg = Release|Win32
		{4DB8FC7E-2B10-4C77-9D96-701926AF86E4}.Release|x86.Build.0 = Release|Win32
		{3BE6A2D7-6BBF-4BEE-8180-C8D25929F1F4}.Debug|x64.ActiveCfg = Debug|x64
		{3BE6A2D7-6BBF-4BEE-8180-C8D25929F1F4}.Debug|x64.Build.0 = Debug|x64
		{3BE6A2D7-6BBF-4BEE-8180-C8D25929F1F4}.Debug|x86.ActiveCfg = Debug|Win32
		{3BE6A2D7-6BBF-4BEE-8180-C8D25929F1F4}.Debug|x86.Build.0 = Debug|Win32
		{3BE6A2D7-6BBF-4BEE-8180-C8D25929F1F4}.Release|x64.ActiveCfg = Release|x64
		{3BE6A2D7-6BBF-4BEE-8180-C8D25929F1F4}.Release|x64.Build.0 = Release|x64
		{3BE6A2D7-6BBF-4BEE-8180-C8D25929F1F4}.Release|x86.ActiveCfg = Release|Win32
		{3BE6A2D7-6BBF-4BEE-8180-C8D25929F1F4}.Release|x86.Build.0 = Release|Win32
		{8A09B9C4-B06E-41E4-82A1-A80B97CB347E}.Debug|x64.ActiveCfg = Debug|x64
		{8A09B9C4-B06E-41E4-82A1-A80B97CB347E}.Debug|x64.Build.0 = Debug|x64
		{8A09B9C4-B06E-41E4-82A1-A80B97CB347E}.Debug|x86.ActiveCfg = Debug|Win32
		{8A09B9C4-B06E-41E4-82A1-A80B97CB347E}.Debug|x86.Build.0 = Debug|Win32
		{8A09B9C4-B06E-41E4-82A1-A80B97CB347E}.Release|x64.ActiveCfg = Release|x64
		{8A09B9C4-B06E-41E4-82A1-A80B97CB347E}.Release|x64.Build.0 = Release|x64
		{8A09B9C4-B06E-41E4-82A1-A80B97CB347E}.Release|x86.ActiveCfg = Release|Win32
		{8A09B9C4-B06E-41E4-82A1-A80B97CB347E}.Release|x86.Build.0 = Release|Win32
	EndGlobalSection
	GlobalSection(SolutionProperties) = preSolution
		HideSolutionNode = FALSE
	EndGlobalSection
	GlobalSection(ExtensibilityGlobals) = postSolution
		SolutionGuid = {7F3943F7-6009-42C6-8B45-B385FB22C2E3}
	EndGlobalSection
EndGlobal
